// !$*UTF8*$!
{
	archiveVersion = 1;
	classes = {
	};
	objectVersion = 50;
	objects = {

/* Begin PBXBuildFile section */
		42E9BD25236A885700B203BB /* AppDelegate.m in Sources */ = {isa = PBXBuildFile; fileRef = 42E9BD24236A885700B203BB /* AppDelegate.m */; };
		42E9BD2B236A885700B203BB /* ViewController.m in Sources */ = {isa = PBXBuildFile; fileRef = 42E9BD2A236A885700B203BB /* ViewController.m */; };
		42E9BD2E236A885700B203BB /* Main.storyboard in Resources */ = {isa = PBXBuildFile; fileRef = 42E9BD2C236A885700B203BB /* Main.storyboard */; };
		42E9BD30236A885900B203BB /* Assets.xcassets in Resources */ = {isa = PBXBuildFile; fileRef = 42E9BD2F236A885900B203BB /* Assets.xcassets */; };
		42E9BD33236A885900B203BB /* LaunchScreen.storyboard in Resources */ = {isa = PBXBuildFile; fileRef = 42E9BD31236A885900B203BB /* LaunchScreen.storyboard */; };
		42E9BD36236A885900B203BB /* main.m in Sources */ = {isa = PBXBuildFile; fileRef = 42E9BD35236A885900B203BB /* main.m */; };
		42E9BD40236A88AA00B203BB /* ViewReusePool.m in Sources */ = {isa = PBXBuildFile; fileRef = 42E9BD3D236A88AA00B203BB /* ViewReusePool.m */; };
		42E9BD41236A88AA00B203BB /* IndexBar.m in Sources */ = {isa = PBXBuildFile; fileRef = 42E9BD3E236A88AA00B203BB /* IndexBar.m */; };
/* End PBXBuildFile section */

/* Begin PBXFileReference section */
		42E9BD20236A885700B203BB /* LSPUISecionIndexBar.app */ = {isa = PBXFileReference; explicitFileType = wrapper.application; includeInIndex = 0; path = LSPUISecionIndexBar.app; sourceTree = BUILT_PRODUCTS_DIR; };
		42E9BD23236A885700B203BB /* AppDelegate.h */ = {isa = PBXFileReference; lastKnownFileType = sourcecode.c.h; path = AppDelegate.h; sourceTree = "<group>"; };
		42E9BD24236A885700B203BB /* AppDelegate.m */ = {isa = PBXFileReference; lastKnownFileType = sourcecode.c.objc; path = AppDelegate.m; sourceTree = "<group>"; };
		42E9BD29236A885700B203BB /* ViewController.h */ = {isa = PBXFileReference; lastKnownFileType = sourcecode.c.h; path = ViewController.h; sourceTree = "<group>"; };
		42E9BD2A236A885700B203BB /* ViewController.m */ = {isa = PBXFileReference; lastKnownFileType = sourcecode.c.objc; path = ViewController.m; sourceTree = "<group>"; };
		42E9BD2D236A885700B203BB /* Base */ = {isa = PBXFileReference; lastKnownFileType = file.storyboard; name = Base; path = Base.lproj/Main.storyboard; sourceTree = "<group>"; };
		42E9BD2F236A885900B203BB /* Assets.xcassets */ = {isa = PBXFileReference; lastKnownFileType = folder.assetcatalog; path = Assets.xcassets; sourceTree = "<group>"; };
		42E9BD32236A885900B203BB /* Base */ = {isa = PBXFileReference; lastKnownFileType = file.storyboard; name = Base; path = Base.lproj/LaunchScreen.storyboard; sourceTree = "<group>"; };
		42E9BD34236A885900B203BB /* Info.plist */ = {isa = PBXFileReference; lastKnownFileType = text.plist.xml; path = Info.plist; sourceTree = "<group>"; };
		42E9BD35236A885900B203BB /* main.m */ = {isa = PBXFileReference; lastKnownFileType = sourcecode.c.objc; path = main.m; sourceTree = "<group>"; };
		42E9BD3C236A88A900B203BB /* IndexBar.h */ = {isa = PBXFileReference; fileEncoding = 4; lastKnownFileType = sourcecode.c.h; path = IndexBar.h; sourceTree = "<group>"; };
		42E9BD3D236A88AA00B203BB /* ViewReusePool.m */ = {isa = PBXFileReference; fileEncoding = 4; lastKnownFileType = sourcecode.c.objc; path = ViewReusePool.m; sourceTree = "<group>"; };
		42E9BD3E236A88AA00B203BB /* IndexBar.m */ = {isa = PBXFileReference; fileEncoding = 4; lastKnownFileType = sourcecode.c.objc; path = IndexBar.m; sourceTree = "<group>"; };
		42E9BD3F236A88AA00B203BB /* ViewReusePool.h */ = {isa = PBXFileReference; fileEncoding = 4; lastKnownFileType = sourcecode.c.h; path = ViewReusePool.h; sourceTree = "<group>"; };
/* End PBXFileReference section */

/* Begin PBXFrameworksBuildPhase section */
		42E9BD1D236A885700B203BB /* Frameworks */ = {
			isa = PBXFrameworksBuildPhase;
			buildActionMask = 2147483647;
			files = (
			);
			runOnlyForDeploymentPostprocessing = 0;
		};
/* End PBXFrameworksBuildPhase section */

/* Begin PBXGroup section */
		42E9BD17236A885700B203BB = {
			isa = PBXGroup;
			children = (
				42E9BD22236A885700B203BB /* LSPUISecionIndexBar */,
				42E9BD21236A885700B203BB /* Products */,
			);
			sourceTree = "<group>";
		};
		42E9BD21236A885700B203BB /* Products */ = {
			isa = PBXGroup;
			children = (
				42E9BD20236A885700B203BB /* LSPUISecionIndexBar.app */,
			);
			name = Products;
			sourceTree = "<group>";
		};
		42E9BD22236A885700B203BB /* LSPUISecionIndexBar */ = {
			isa = PBXGroup;
			children = (
				42E9BD3C236A88A900B203BB /* IndexBar.h */,
				42E9BD3E236A88AA00B203BB /* IndexBar.m */,
				42E9BD3F236A88AA00B203BB /* ViewReusePool.h */,
				42E9BD3D236A88AA00B203BB /* ViewReusePool.m */,
				42E9BD23236A885700B203BB /* AppDelegate.h */,
				42E9BD24236A885700B203BB /* AppDelegate.m */,
				42E9BD29236A885700B203BB /* ViewController.h */,
				42E9BD2A236A885700B203BB /* ViewController.m */,
				42E9BD2C236A885700B203BB /* Main.storyboard */,
				42E9BD2F236A885900B203BB /* Assets.xcassets */,
				42E9BD31236A885900B203BB /* LaunchScreen.storyboard */,
				42E9BD34236A885900B203BB /* Info.plist */,
				42E9BD35236A885900B203BB /* main.m */,
			);
			path = LSPUISecionIndexBar;
			sourceTree = "<group>";
		};
/* End PBXGroup section */

/* Begin PBXNativeTarget section */
		42E9BD1F236A885700B203BB /* LSPUISecionIndexBar */ = {
			isa = PBXNativeTarget;
			buildConfigurationList = 42E9BD39236A885900B203BB /* Build configuration list for PBXNativeTarget "LSPUISecionIndexBar" */;
			buildPhases = (
				42E9BD1C236A885700B203BB /* Sources */,
				42E9BD1D236A885700B203BB /* Frameworks */,
				42E9BD1E236A885700B203BB /* Resources */,
			);
			buildRules = (
			);
			dependencies = (
			);
			name = LSPUISecionIndexBar;
			productName = LSPUISecionIndexBar;
			productReference = 42E9BD20236A885700B203BB /* LSPUISecionIndexBar.app */;
			productType = "com.apple.product-type.application";
		};
/* End PBXNativeTarget section */

/* Begin PBXProject section */
		42E9BD18236A885700B203BB /* Project object */ = {
			isa = PBXProject;
			attributes = {
				LastUpgradeCheck = 1110;
				ORGANIZATIONNAME = HappyBunnyCarrot;
				TargetAttributes = {
					42E9BD1F236A885700B203BB = {
						CreatedOnToolsVersion = 11.1;
					};
				};
			};
			buildConfigurationList = 42E9BD1B236A885700B203BB /* Build configuration list for PBXProject "LSPUISecionIndexBar" */;
			compatibilityVersion = "Xcode 9.3";
			developmentRegion = en;
			hasScannedForEncodings = 0;
			knownRegions = (
				en,
				Base,
			);
			mainGroup = 42E9BD17236A885700B203BB;
			productRefGroup = 42E9BD21236A885700B203BB /* Products */;
			projectDirPath = "";
			projectRoot = "";
			targets = (
				42E9BD1F236A885700B203BB /* LSPUISecionIndexBar */,
			);
		};
/* End PBXProject section */

/* Begin PBXResourcesBuildPhase section */
		42E9BD1E236A885700B203BB /* Resources */ = {
			isa = PBXResourcesBuildPhase;
			buildActionMask = 2147483647;
			files = (
				42E9BD33236A885900B203BB /* LaunchScreen.storyboard in Resources */,
				42E9BD30236A885900B203BB /* Assets.xcassets in Resources */,
				42E9BD2E236A885700B203BB /* Main.storyboard in Resources */,
			);
			runOnlyForDeploymentPostprocessing = 0;
		};
/* End PBXResourcesBuildPhase section */

/* Begin PBXSourcesBuildPhase section */
		42E9BD1C236A885700B203BB /* Sources */ = {
			isa = PBXSourcesBuildPhase;
			buildActionMask = 2147483647;
			files = (
				42E9BD2B236A885700B203BB /* ViewController.m in Sources */,
				42E9BD25236A885700B203BB /* AppDelegate.m in Sources */,
				42E9BD36236A885900B203BB /* main.m in Sources */,
				42E9BD41236A88AA00B203BB /* IndexBar.m in Sources */,
				42E9BD40236A88AA00B203BB /* ViewReusePool.m in Sources */,
			);
			runOnlyForDeploymentPostprocessing = 0;
		};
/* End PBXSourcesBuildPhase section */

/* Begin PBXVariantGroup section */
		42E9BD2C236A885700B203BB /* Main.storyboard */ = {
			isa = PBXVariantGroup;
			children = (
				42E9BD2D236A885700B203BB /* Base */,
			);
			name = Main.storyboard;
			sourceTree = "<group>";
		};
		42E9BD31236A885900B203BB /* LaunchScreen.storyboard */ = {
			isa = PBXVariantGroup;
			children = (
				42E9BD32236A885900B203BB /* Base */,
			);
			name = LaunchScreen.storyboard;
			sourceTree = "<group>";
		};
/* End PBXVariantGroup section */

/* Begin XCBuildConfiguration section */
		42E9BD37236A885900B203BB /* Debug */ = {
			isa = XCBuildConfiguration;
			buildSettings = {
				ALWAYS_SEARCH_USER_PATHS = NO;
				CLANG_ANALYZER_NONNULL = YES;
				CLANG_ANALYZER_NUMBER_OBJECT_CONVERSION = YES_AGGRESSIVE;
				CLANG_CXX_LANGUAGE_STANDARD = "gnu++14";
				CLANG_CXX_LIBRARY = "libc++";
				CLANG_ENABLE_MODULES = YES;
				CLANG_ENABLE_OBJC_ARC = YES;
				CLANG_ENABLE_OBJC_WEAK = YES;
				CLANG_WARN_BLOCK_CAPTURE_AUTORELEASING = YES;
				CLANG_WARN_BOOL_CONVERSION = YES;
				CLANG_WARN_COMMA = YES;
				CLANG_WARN_CONSTANT_CONVERSION = YES;
				CLANG_WARN_DEPRECATED_OBJC_IMPLEMENTATIONS = YES;
				CLANG_WARN_DIRECT_OBJC_ISA_USAGE = YES_ERROR;
				CLANG_WARN_DOCUMENTATION_COMMENTS = YES;
				CLANG_WARN_EMPTY_BODY = YES;
				CLANG_WARN_ENUM_CONVERSION = YES;
				CLANG_WARN_INFINITE_RECURSION = YES;
				CLANG_WARN_INT_CONVERSION = YES;
				CLANG_WARN_NON_LITERAL_NULL_CONVERSION = YES;
				CLANG_WARN_OBJC_IMPLICIT_RETAIN_SELF = YES;
				CLANG_WARN_OBJC_LITERAL_CONVERSION = YES;
				CLANG_WARN_OBJC_ROOT_CLASS = YES_ERROR;
				CLANG_WARN_RANGE_LOOP_ANALYSIS = YES;
				CLANG_WARN_STRICT_PROTOTYPES = YES;
				CLANG_WARN_SUSPICIOUS_MOVE = YES;
				CLANG_WARN_UNGUARDED_AVAILABILITY = YES_AGGRESSIVE;
				CLANG_WARN_UNREACHABLE_CODE = YES;
				CLANG_WARN__DUPLICATE_METHOD_MATCH = YES;
				COPY_PHASE_STRIP = NO;
				DEBUG_INFORMATION_FORMAT = dwarf;
				ENABLE_STRICT_OBJC_MSGSEND = YES;
				ENABLE_TESTABILITY = YES;
				GCC_C_LANGUAGE_STANDARD = gnu11;
				GCC_DYNAMIC_NO_PIC = NO;
				GCC_NO_COMMON_BLOCKS = YES;
				GCC_OPTIMIZATION_LEVEL = 0;
				GCC_PREPROCESSOR_DEFINITIONS = (
					"DEBUG=1",
					"$(inherited)",
				);
				GCC_WARN_64_TO_32_BIT_CONVERSION = YES;
				GCC_WARN_ABOUT_RETURN_TYPE = YES_ERROR;
				GCC_WARN_UNDECLARED_SELECTOR = YES;
				GCC_WARN_UNINITIALIZED_AUTOS = YES_AGGRESSIVE;
				GCC_WARN_UNUSED_FUNCTION = YES;
				GCC_WARN_UNUSED_VARIABLE = YES;
				IPHONEOS_DEPLOYMENT_TARGET = 13.1;
				MTL_ENABLE_DEBUG_INFO = INCLUDE_SOURCE;
				MTL_FAST_MATH = YES;
				ONLY_ACTIVE_ARCH = YES;
				SDKROOT = iphoneos;
			};
			name = Debug;
		};
		42E9BD38236A885900B203BB /* Release */ = {
			isa = XCBuildConfiguration;
			buildSettings = {
				ALWAYS_SEARCH_USER_PATHS = NO;
				CLANG_ANALYZER_NONNULL = YES;
				CLANG_ANALYZER_NUMBER_OBJECT_CONVERSION = YES_AGGRESSIVE;
				CLANG_CXX_LANGUAGE_STANDARD = "gnu++14";
				CLANG_CXX_LIBRARY = "libc++";
				CLANG_ENABLE_MODULES = YES;
				CLANG_ENABLE_OBJC_ARC = YES;
				CLANG_ENABLE_OBJC_WEAK = YES;
				CLANG_WARN_BLOCK_CAPTURE_AUTORELEASING = YES;
				CLANG_WARN_BOOL_CONVERSION = YES;
				CLANG_WARN_COMMA = YES;
				CLANG_WARN_CONSTANT_CONVERSION = YES;
				CLANG_WARN_DEPRECATED_OBJC_IMPLEMENTATIONS = YES;
				CLANG_WARN_DIRECT_OBJC_ISA_USAGE = YES_ERROR;
				CLANG_WARN_DOCUMENTATION_COMMENTS = YES;
				CLANG_WARN_EMPTY_BODY = YES;
				CLANG_WARN_ENUM_CONVERSION = YES;
				CLANG_WARN_INFINITE_RECURSION = YES;
				CLANG_WARN_INT_CONVERSION = YES;
				CLANG_WARN_NON_LITERAL_NULL_CONVERSION = YES;
				CLANG_WARN_OBJC_IMPLICIT_RETAIN_SELF = YES;
				CLANG_WARN_OBJC_LITERAL_CONVERSION = YES;
				CLANG_WARN_OBJC_ROOT_CLASS = YES_ERROR;
				CLANG_WARN_RANGE_LOOP_ANALYSIS = YES;
				CLANG_WARN_STRICT_PROTOTYPES = YES;
				CLANG_WARN_SUSPICIOUS_MOVE = YES;
				CLANG_WARN_UNGUARDED_AVAILABILITY = YES_AGGRESSIVE;
				CLANG_WARN_UNREACHABLE_CODE = YES;
				CLANG_WARN__DUPLICATE_METHOD_MATCH = YES;
				COPY_PHASE_STRIP = NO;
				DEBUG_INFORMATION_FORMAT = "dwarf-with-dsym";
				ENABLE_NS_ASSERTIONS = NO;
				ENABLE_STRICT_OBJC_MSGSEND = YES;
				GCC_C_LANGUAGE_STANDARD = gnu11;
				GCC_NO_COMMON_BLOCKS = YES;
				GCC_WARN_64_TO_32_BIT_CONVERSION = YES;
				GCC_WARN_ABOUT_RETURN_TYPE = YES_ERROR;
				GCC_WARN_UNDECLARED_SELECTOR = YES;
				GCC_WARN_UNINITIALIZED_AUTOS = YES_AGGRESSIVE;
				GCC_WARN_UNUSED_FUNCTION = YES;
				GCC_WARN_UNUSED_VARIABLE = YES;
				IPHONEOS_DEPLOYMENT_TARGET = 13.1;
				MTL_ENABLE_DEBUG_INFO = NO;
				MTL_FAST_MATH = YES;
				SDKROOT = iphoneos;
				VALIDATE_PRODUCT = YES;
			};
			name = Release;
		};
		42E9BD3A236A885900B203BB /* Debug */ = {
			isa = XCBuildConfiguration;
			buildSettings = {
				ASSETCATALOG_COMPILER_APPICON_NAME = AppIcon;
				CODE_SIGN_STYLE = Automatic;
				DEVELOPMENT_TEAM = ZPMQ9UQVUM;
				INFOPLIST_FILE = LSPUISecionIndexBar/Info.plist;
				LD_RUNPATH_SEARCH_PATHS = (
					"$(inherited)",
					"@executable_path/Frameworks",
				);
				PRODUCT_BUNDLE_IDENTIFIER = com.HappyBunnyCarrot.review.LSPUISecionIndexBar;
				PRODUCT_NAME = "$(TARGET_NAME)";
				TARGETED_DEVICE_FAMILY = "1,2";
			};
			name = Debug;
		};
		42E9BD3B236A885900B203BB /* Release */ = {
			isa = XCBuildConfiguration;
			buildSettings = {
				ASSETCATALOG_COMPILER_APPICON_NAME = AppIcon;
				CODE_SIGN_STYLE = Automatic;
				DEVELOPMENT_TEAM = ZPMQ9UQVUM;
				INFOPLIST_FILE = LSPUISecionIndexBar/Info.plist;
				LD_RUNPATH_SEARCH_PATHS = (
					"$(inherited)",
					"@executable_path/Frameworks",
				);
				PRODUCT_BUNDLE_IDENTIFIER = com.HappyBunnyCarrot.review.LSPUISecionIndexBar;
				PRODUCT_NAME = "$(TARGET_NAME)";
				TARGETED_DEVICE_FAMILY = "1,2";
			};
			name = Release;
		};
/* End XCBuildConfiguration section */

/* Begin XCConfigurationList section */
		42E9BD1B236A885700B203BB /* Build configuration list for PBXProject "LSPUISecionIndexBar" */ = {
			isa = XCConfigurationList;
			buildConfigurations = (
				42E9BD37236A885900B203BB /* Debug */,
				42E9BD38236A885900B203BB /* Release */,
			);
			defaultConfigurationIsVisible = 0;
			defaultConfigurationName = Release;
		};
		42E9BD39236A885900B203BB /* Build configuration list for PBXNativeTarget "LSPUISecionIndexBar" */ = {
			isa = XCConfigurationList;
			buildConfigurations = (
				42E9BD3A236A885900B203BB /* Debug */,
				42E9BD3B236A885900B203BB /* Release */,
			);
			defaultConfigurationIsVisible = 0;
			defaultConfigurationName = Release;
		};
/* End XCConfigurationList section */
	};
	rootObject = 42E9BD18236A885700B203BB /* Project object */;
}
